// !$*UTF8*$!
{
	archiveVersion = 1;
	classes = {
	};
	objectVersion = 56;
	objects = {

/* Begin PBXBuildFile section */
		2A006C172A88D15E00500778 /* Piece.swift in Sources */ = {isa = PBXBuildFile; fileRef = 2A006C162A88D15E00500778 /* Piece.swift */; };
		2A5B7CDA2A7EAB7D00215CDE /* OptionState.swift in Sources */ = {isa = PBXBuildFile; fileRef = 2A5B7CD92A7EAB7D00215CDE /* OptionState.swift */; };
		2A5B7CDE2A7EB44900215CDE /* PuzzleState.swift in Sources */ = {isa = PBXBuildFile; fileRef = 2A5B7CDD2A7EB44900215CDE /* PuzzleState.swift */; };
		2A5F8EB32A798264008B51FD /* _5puzzleApp.swift in Sources */ = {isa = PBXBuildFile; fileRef = 2A5F8EB22A798264008B51FD /* _5puzzleApp.swift */; };
		2A5F8EB52A798264008B51FD /* ContentView.swift in Sources */ = {isa = PBXBuildFile; fileRef = 2A5F8EB42A798264008B51FD /* ContentView.swift */; };
		2A5F8EB72A798265008B51FD /* Assets.xcassets in Resources */ = {isa = PBXBuildFile; fileRef = 2A5F8EB62A798265008B51FD /* Assets.xcassets */; };
		2A5F8EBA2A798265008B51FD /* Preview Assets.xcassets in Resources */ = {isa = PBXBuildFile; fileRef = 2A5F8EB92A798265008B51FD /* Preview Assets.xcassets */; };
		2A5F8EC42A798265008B51FD /* _5puzzleTests.swift in Sources */ = {isa = PBXBuildFile; fileRef = 2A5F8EC32A798265008B51FD /* _5puzzleTests.swift */; };
		2A5F8ECE2A798265008B51FD /* _5puzzleUITests.swift in Sources */ = {isa = PBXBuildFile; fileRef = 2A5F8ECD2A798265008B51FD /* _5puzzleUITests.swift */; };
		2A5F8ED02A798265008B51FD /* _5puzzleUITestsLaunchTests.swift in Sources */ = {isa = PBXBuildFile; fileRef = 2A5F8ECF2A798265008B51FD /* _5puzzleUITestsLaunchTests.swift */; };
		2A5F8EDD2A799990008B51FD /* GameState.swift in Sources */ = {isa = PBXBuildFile; fileRef = 2A5F8EDC2A799990008B51FD /* GameState.swift */; };
		2A606BBB2A7E89D900FEF16A /* Options.swift in Sources */ = {isa = PBXBuildFile; fileRef = 2A606BBA2A7E89D900FEF16A /* Options.swift */; };
		2ACA02E62A7ACC8E002F2EF9 /* Views.swift in Sources */ = {isa = PBXBuildFile; fileRef = 2ACA02E52A7ACC8E002F2EF9 /* Views.swift */; };
		2ADAA9A62A869E99008D5F36 /* GameRecord.swift in Sources */ = {isa = PBXBuildFile; fileRef = 2ADAA9A52A869E99008D5F36 /* GameRecord.swift */; };
		2ADAA9A92A86A0B3008D5F36 /* History.swift in Sources */ = {isa = PBXBuildFile; fileRef = 2ADAA9A82A86A0B3008D5F36 /* History.swift */; };
/* End PBXBuildFile section */

/* Begin PBXContainerItemProxy section */
		2A5F8EC02A798265008B51FD /* PBXContainerItemProxy */ = {
			isa = PBXContainerItemProxy;
			containerPortal = 2A5F8EA72A798264008B51FD /* Project object */;
			proxyType = 1;
			remoteGlobalIDString = 2A5F8EAE2A798264008B51FD;
			remoteInfo = 15puzzle;
		};
		2A5F8ECA2A798265008B51FD /* PBXContainerItemProxy */ = {
			isa = PBXContainerItemProxy;
			containerPortal = 2A5F8EA72A798264008B51FD /* Project object */;
			proxyType = 1;
			remoteGlobalIDString = 2A5F8EAE2A798264008B51FD;
			remoteInfo = 15puzzle;
		};
/* End PBXContainerItemProxy section */

/* Begin PBXFileReference section */
		2A006C162A88D15E00500778 /* Piece.swift */ = {isa = PBXFileReference; lastKnownFileType = sourcecode.swift; path = Piece.swift; sourceTree = "<group>"; };
		2A5B7CD92A7EAB7D00215CDE /* OptionState.swift */ = {isa = PBXFileReference; lastKnownFileType = sourcecode.swift; path = OptionState.swift; sourceTree = "<group>"; };
		2A5B7CDD2A7EB44900215CDE /* PuzzleState.swift */ = {isa = PBXFileReference; lastKnownFileType = sourcecode.swift; path = PuzzleState.swift; sourceTree = "<group>"; };
		2A5F8EAF2A798264008B51FD /* 15puzzle.app */ = {isa = PBXFileReference; explicitFileType = wrapper.application; includeInIndex = 0; path = 15puzzle.app; sourceTree = BUILT_PRODUCTS_DIR; };
		2A5F8EB22A798264008B51FD /* _5puzzleApp.swift */ = {isa = PBXFileReference; lastKnownFileType = sourcecode.swift; path = _5puzzleApp.swift; sourceTree = "<group>"; };
		2A5F8EB42A798264008B51FD /* ContentView.swift */ = {isa = PBXFileReference; lastKnownFileType = sourcecode.swift; path = ContentView.swift; sourceTree = "<group>"; };
		2A5F8EB62A798265008B51FD /* Assets.xcassets */ = {isa = PBXFileReference; lastKnownFileType = folder.assetcatalog; path = Assets.xcassets; sourceTree = "<group>"; };
		2A5F8EB92A798265008B51FD /* Preview Assets.xcassets */ = {isa = PBXFileReference; lastKnownFileType = folder.assetcatalog; path = "Preview Assets.xcassets"; sourceTree = "<group>"; };
		2A5F8EBF2A798265008B51FD /* 15puzzleTests.xctest */ = {isa = PBXFileReference; explicitFileType = wrapper.cfbundle; includeInIndex = 0; path = 15puzzleTests.xctest; sourceTree = BUILT_PRODUCTS_DIR; };
		2A5F8EC32A798265008B51FD /* _5puzzleTests.swift */ = {isa = PBXFileReference; lastKnownFileType = sourcecode.swift; path = _5puzzleTests.swift; sourceTree = "<group>"; };
		2A5F8EC92A798265008B51FD /* 15puzzleUITests.xctest */ = {isa = PBXFileReference; explicitFileType = wrapper.cfbundle; includeInIndex = 0; path = 15puzzleUITests.xctest; sourceTree = BUILT_PRODUCTS_DIR; };
		2A5F8ECD2A798265008B51FD /* _5puzzleUITests.swift */ = {isa = PBXFileReference; lastKnownFileType = sourcecode.swift; path = _5puzzleUITests.swift; sourceTree = "<group>"; };
		2A5F8ECF2A798265008B51FD /* _5puzzleUITestsLaunchTests.swift */ = {isa = PBXFileReference; lastKnownFileType = sourcecode.swift; path = _5puzzleUITestsLaunchTests.swift; sourceTree = "<group>"; };
		2A5F8EDC2A799990008B51FD /* GameState.swift */ = {isa = PBXFileReference; lastKnownFileType = sourcecode.swift; path = GameState.swift; sourceTree = "<group>"; };
		2A606BBA2A7E89D900FEF16A /* Options.swift */ = {isa = PBXFileReference; lastKnownFileType = sourcecode.swift; path = Options.swift; sourceTree = "<group>"; };
		2ACA02E52A7ACC8E002F2EF9 /* Views.swift */ = {isa = PBXFileReference; lastKnownFileType = sourcecode.swift; path = Views.swift; sourceTree = "<group>"; };
		2ACA02E72A7ADAE9002F2EF9 /* README.md */ = {isa = PBXFileReference; lastKnownFileType = net.daringfireball.markdown; path = README.md; sourceTree = "<group>"; };
		2ADAA9A52A869E99008D5F36 /* GameRecord.swift */ = {isa = PBXFileReference; lastKnownFileType = sourcecode.swift; path = GameRecord.swift; sourceTree = "<group>"; };
		2ADAA9A82A86A0B3008D5F36 /* History.swift */ = {isa = PBXFileReference; lastKnownFileType = sourcecode.swift; path = History.swift; sourceTree = "<group>"; };
/* End PBXFileReference section */

/* Begin PBXFrameworksBuildPhase section */
		2A5F8EAC2A798264008B51FD /* Frameworks */ = {
			isa = PBXFrameworksBuildPhase;
			buildActionMask = 2147483647;
			files = (
			);
			runOnlyForDeploymentPostprocessing = 0;
		};
		2A5F8EBC2A798265008B51FD /* Frameworks */ = {
			isa = PBXFrameworksBuildPhase;
			buildActionMask = 2147483647;
			files = (
			);
			runOnlyForDeploymentPostprocessing = 0;
		};
		2A5F8EC62A798265008B51FD /* Frameworks */ = {
			isa = PBXFrameworksBuildPhase;
			buildActionMask = 2147483647;
			files = (
			);
			runOnlyForDeploymentPostprocessing = 0;
		};
/* End PBXFrameworksBuildPhase section */

/* Begin PBXGroup section */
		2A5B7CD82A7EAB6C00215CDE /* Model */ = {
			isa = PBXGroup;
			children = (
				2A5F8EDC2A799990008B51FD /* GameState.swift */,
				2A5B7CD92A7EAB7D00215CDE /* OptionState.swift */,
				2A5B7CDD2A7EB44900215CDE /* PuzzleState.swift */,
				2ADAA9A52A869E99008D5F36 /* GameRecord.swift */,
			);
			path = Model;
			sourceTree = "<group>";
		};
		2A5F8EA62A798264008B51FD = {
			isa = PBXGroup;
			children = (
				2ACA02E72A7ADAE9002F2EF9 /* README.md */,
				2A5F8EB12A798264008B51FD /* 15puzzle */,
				2A5F8EC22A798265008B51FD /* 15puzzleTests */,
				2A5F8ECC2A798265008B51FD /* 15puzzleUITests */,
				2A5F8EB02A798264008B51FD /* Products */,
			);
			sourceTree = "<group>";
		};
		2A5F8EB02A798264008B51FD /* Products */ = {
			isa = PBXGroup;
			children = (
				2A5F8EAF2A798264008B51FD /* 15puzzle.app */,
				2A5F8EBF2A798265008B51FD /* 15puzzleTests.xctest */,
				2A5F8EC92A798265008B51FD /* 15puzzleUITests.xctest */,
			);
			name = Products;
			sourceTree = "<group>";
		};
		2A5F8EB12A798264008B51FD /* 15puzzle */ = {
			isa = PBXGroup;
			children = (
				2A5B7CD82A7EAB6C00215CDE /* Model */,
				2A606BB72A7E87BD00FEF16A /* Views */,
				2A5F8EB22A798264008B51FD /* _5puzzleApp.swift */,
				2A5F8EB62A798265008B51FD /* Assets.xcassets */,
				2A5F8EB82A798265008B51FD /* Preview Content */,
			);
			path = 15puzzle;
			sourceTree = "<group>";
		};
		2A5F8EB82A798265008B51FD /* Preview Content */ = {
			isa = PBXGroup;
			children = (
				2A5F8EB92A798265008B51FD /* Preview Assets.xcassets */,
			);
			path = "Preview Content";
			sourceTree = "<group>";
		};
		2A5F8EC22A798265008B51FD /* 15puzzleTests */ = {
			isa = PBXGroup;
			children = (
				2A5F8EC32A798265008B51FD /* _5puzzleTests.swift */,
			);
			path = 15puzzleTests;
			sourceTree = "<group>";
		};
		2A5F8ECC2A798265008B51FD /* 15puzzleUITests */ = {
			isa = PBXGroup;
			children = (
				2A5F8ECD2A798265008B51FD /* _5puzzleUITests.swift */,
				2A5F8ECF2A798265008B51FD /* _5puzzleUITestsLaunchTests.swift */,
			);
			path = 15puzzleUITests;
			sourceTree = "<group>";
		};
		2A606BB72A7E87BD00FEF16A /* Views */ = {
			isa = PBXGroup;
			children = (
				2ADAA9A72A86A082008D5F36 /* History */,
				2A606BB92A7E87CD00FEF16A /* Game */,
				2A606BB82A7E87C600FEF16A /* Options */,
			);
			path = Views;
			sourceTree = "<group>";
		};
		2A606BB82A7E87C600FEF16A /* Options */ = {
			isa = PBXGroup;
			children = (
				2A606BBA2A7E89D900FEF16A /* Options.swift */,
			);
			path = Options;
			sourceTree = "<group>";
		};
		2A606BB92A7E87CD00FEF16A /* Game */ = {
			isa = PBXGroup;
			children = (
				2A5F8EB42A798264008B51FD /* ContentView.swift */,
				2ACA02E52A7ACC8E002F2EF9 /* Views.swift */,
				2A006C162A88D15E00500778 /* Piece.swift */,
			);
			path = Game;
			sourceTree = "<group>";
		};
		2ADAA9A72A86A082008D5F36 /* History */ = {
			isa = PBXGroup;
			children = (
				2ADAA9A82A86A0B3008D5F36 /* History.swift */,
			);
			path = History;
			sourceTree = "<group>";
		};
/* End PBXGroup section */

/* Begin PBXNativeTarget section */
		2A5F8EAE2A798264008B51FD /* 15puzzle */ = {
			isa = PBXNativeTarget;
			buildConfigurationList = 2A5F8ED32A798265008B51FD /* Build configuration list for PBXNativeTarget "15puzzle" */;
			buildPhases = (
				2A5F8EAB2A798264008B51FD /* Sources */,
				2A5F8EAC2A798264008B51FD /* Frameworks */,
				2A5F8EAD2A798264008B51FD /* Resources */,
			);
			buildRules = (
			);
			dependencies = (
			);
			name = 15puzzle;
			productName = 15puzzle;
			productReference = 2A5F8EAF2A798264008B51FD /* 15puzzle.app */;
			productType = "com.apple.product-type.application";
		};
		2A5F8EBE2A798265008B51FD /* 15puzzleTests */ = {
			isa = PBXNativeTarget;
			buildConfigurationList = 2A5F8ED62A798265008B51FD /* Build configuration list for PBXNativeTarget "15puzzleTests" */;
			buildPhases = (
				2A5F8EBB2A798265008B51FD /* Sources */,
				2A5F8EBC2A798265008B51FD /* Frameworks */,
				2A5F8EBD2A798265008B51FD /* Resources */,
			);
			buildRules = (
			);
			dependencies = (
				2A5F8EC12A798265008B51FD /* PBXTargetDependency */,
			);
			name = 15puzzleTests;
			productName = 15puzzleTests;
			productReference = 2A5F8EBF2A798265008B51FD /* 15puzzleTests.xctest */;
			productType = "com.apple.product-type.bundle.unit-test";
		};
		2A5F8EC82A798265008B51FD /* 15puzzleUITests */ = {
			isa = PBXNativeTarget;
			buildConfigurationList = 2A5F8ED92A798265008B51FD /* Build configuration list for PBXNativeTarget "15puzzleUITests" */;
			buildPhases = (
				2A5F8EC52A798265008B51FD /* Sources */,
				2A5F8EC62A798265008B51FD /* Frameworks */,
				2A5F8EC72A798265008B51FD /* Resources */,
			);
			buildRules = (
			);
			dependencies = (
				2A5F8ECB2A798265008B51FD /* PBXTargetDependency */,
			);
			name = 15puzzleUITests;
			productName = 15puzzleUITests;
			productReference = 2A5F8EC92A798265008B51FD /* 15puzzleUITests.xctest */;
			productType = "com.apple.product-type.bundle.ui-testing";
		};
/* End PBXNativeTarget section */

/* Begin PBXProject section */
		2A5F8EA72A798264008B51FD /* Project object */ = {
			isa = PBXProject;
			attributes = {
				BuildIndependentTargetsInParallel = 1;
				LastSwiftUpdateCheck = 1430;
				LastUpgradeCheck = 1430;
				TargetAttributes = {
					2A5F8EAE2A798264008B51FD = {
						CreatedOnToolsVersion = 14.3.1;
					};
					2A5F8EBE2A798265008B51FD = {
						CreatedOnToolsVersion = 14.3.1;
						TestTargetID = 2A5F8EAE2A798264008B51FD;
					};
					2A5F8EC82A798265008B51FD = {
						CreatedOnToolsVersion = 14.3.1;
						TestTargetID = 2A5F8EAE2A798264008B51FD;
					};
				};
			};
			buildConfigurationList = 2A5F8EAA2A798264008B51FD /* Build configuration list for PBXProject "15puzzle" */;
			compatibilityVersion = "Xcode 14.0";
			developmentRegion = en;
			hasScannedForEncodings = 0;
			knownRegions = (
				en,
				Base,
			);
			mainGroup = 2A5F8EA62A798264008B51FD;
			productRefGroup = 2A5F8EB02A798264008B51FD /* Products */;
			projectDirPath = "";
			projectRoot = "";
			targets = (
				2A5F8EAE2A798264008B51FD /* 15puzzle */,
				2A5F8EBE2A798265008B51FD /* 15puzzleTests */,
				2A5F8EC82A798265008B51FD /* 15puzzleUITests */,
			);
		};
/* End PBXProject section */

/* Begin PBXResourcesBuildPhase section */
		2A5F8EAD2A798264008B51FD /* Resources */ = {
			isa = PBXResourcesBuildPhase;
			buildActionMask = 2147483647;
			files = (
				2A5F8EBA2A798265008B51FD /* Preview Assets.xcassets in Resources */,
				2A5F8EB72A798265008B51FD /* Assets.xcassets in Resources */,
			);
			runOnlyForDeploymentPostprocessing = 0;
		};
		2A5F8EBD2A798265008B51FD /* Resources */ = {
			isa = PBXResourcesBuildPhase;
			buildActionMask = 2147483647;
			files = (
			);
			runOnlyForDeploymentPostprocessing = 0;
		};
		2A5F8EC72A798265008B51FD /* Resources */ = {
			isa = PBXResourcesBuildPhase;
			buildActionMask = 2147483647;
			files = (
			);
			runOnlyForDeploymentPostprocessing = 0;
		};
/* End PBXResourcesBuildPhase section */

/* Begin PBXSourcesBuildPhase section */
		2A5F8EAB2A798264008B51FD /* Sources */ = {
			isa = PBXSourcesBuildPhase;
			buildActionMask = 2147483647;
			files = (
				2ADAA9A92A86A0B3008D5F36 /* History.swift in Sources */,
				2ACA02E62A7ACC8E002F2EF9 /* Views.swift in Sources */,
				2A006C172A88D15E00500778 /* Piece.swift in Sources */,
				2A5F8EB52A798264008B51FD /* ContentView.swift in Sources */,
				2A5B7CDA2A7EAB7D00215CDE /* OptionState.swift in Sources */,
				2A5F8EB32A798264008B51FD /* _5puzzleApp.swift in Sources */,
				2ADAA9A62A869E99008D5F36 /* GameRecord.swift in Sources */,
				2A5B7CDE2A7EB44900215CDE /* PuzzleState.swift in Sources */,
				2A606BBB2A7E89D900FEF16A /* Options.swift in Sources */,
				2A5F8EDD2A799990008B51FD /* GameState.swift in Sources */,
			);
			runOnlyForDeploymentPostprocessing = 0;
		};
		2A5F8EBB2A798265008B51FD /* Sources */ = {
			isa = PBXSourcesBuildPhase;
			buildActionMask = 2147483647;
			files = (
				2A5F8EC42A798265008B51FD /* _5puzzleTests.swift in Sources */,
			);
			runOnlyForDeploymentPostprocessing = 0;
		};
		2A5F8EC52A798265008B51FD /* Sources */ = {
			isa = PBXSourcesBuildPhase;
			buildActionMask = 2147483647;
			files = (
				2A5F8ED02A798265008B51FD /* _5puzzleUITestsLaunchTests.swift in Sources */,
				2A5F8ECE2A798265008B51FD /* _5puzzleUITests.swift in Sources */,
			);
			runOnlyForDeploymentPostprocessing = 0;
		};
/* End PBXSourcesBuildPhase section */

/* Begin PBXTargetDependency section */
		2A5F8EC12A798265008B51FD /* PBXTargetDependency */ = {
			isa = PBXTargetDependency;
			target = 2A5F8EAE2A798264008B51FD /* 15puzzle */;
			targetProxy = 2A5F8EC02A798265008B51FD /* PBXContainerItemProxy */;
		};
		2A5F8ECB2A798265008B51FD /* PBXTargetDependency */ = {
			isa = PBXTargetDependency;
			target = 2A5F8EAE2A798264008B51FD /* 15puzzle */;
			targetProxy = 2A5F8ECA2A798265008B51FD /* PBXContainerItemProxy */;
		};
/* End PBXTargetDependency section */

/* Begin XCBuildConfiguration section */
		2A5F8ED12A798265008B51FD /* Debug */ = {
			isa = XCBuildConfiguration;
			buildSettings = {
				ALWAYS_SEARCH_USER_PATHS = NO;
				CLANG_ANALYZER_NONNULL = YES;
				CLANG_ANALYZER_NUMBER_OBJECT_CONVERSION = YES_AGGRESSIVE;
				CLANG_CXX_LANGUAGE_STANDARD = "gnu++20";
				CLANG_ENABLE_MODULES = YES;
				CLANG_ENABLE_OBJC_ARC = YES;
				CLANG_ENABLE_OBJC_WEAK = YES;
				CLANG_WARN_BLOCK_CAPTURE_AUTORELEASING = YES;
				CLANG_WARN_BOOL_CONVERSION = YES;
				CLANG_WARN_COMMA = YES;
				CLANG_WARN_CONSTANT_CONVERSION = YES;
				CLANG_WARN_DEPRECATED_OBJC_IMPLEMENTATIONS = YES;
				CLANG_WARN_DIRECT_OBJC_ISA_USAGE = YES_ERROR;
				CLANG_WARN_DOCUMENTATION_COMMENTS = YES;
				CLANG_WARN_EMPTY_BODY = YES;
				CLANG_WARN_ENUM_CONVERSION = YES;
				CLANG_WARN_INFINITE_RECURSION = YES;
				CLANG_WARN_INT_CONVERSION = YES;
				CLANG_WARN_NON_LITERAL_NULL_CONVERSION = YES;
				CLANG_WARN_OBJC_IMPLICIT_RETAIN_SELF = YES;
				CLANG_WARN_OBJC_LITERAL_CONVERSION = YES;
				CLANG_WARN_OBJC_ROOT_CLASS = YES_ERROR;
				CLANG_WARN_QUOTED_INCLUDE_IN_FRAMEWORK_HEADER = YES;
				CLANG_WARN_RANGE_LOOP_ANALYSIS = YES;
				CLANG_WARN_STRICT_PROTOTYPES = YES;
				CLANG_WARN_SUSPICIOUS_MOVE = YES;
				CLANG_WARN_UNGUARDED_AVAILABILITY = YES_AGGRESSIVE;
				CLANG_WARN_UNREACHABLE_CODE = YES;
				CLANG_WARN__DUPLICATE_METHOD_MATCH = YES;
				COPY_PHASE_STRIP = NO;
				DEBUG_INFORMATION_FORMAT = dwarf;
				ENABLE_STRICT_OBJC_MSGSEND = YES;
				ENABLE_TESTABILITY = YES;
				GCC_C_LANGUAGE_STANDARD = gnu11;
				GCC_DYNAMIC_NO_PIC = NO;
				GCC_NO_COMMON_BLOCKS = YES;
				GCC_OPTIMIZATION_LEVEL = 0;
				GCC_PREPROCESSOR_DEFINITIONS = (
					"DEBUG=1",
					"$(inherited)",
				);
				GCC_WARN_64_TO_32_BIT_CONVERSION = YES;
				GCC_WARN_ABOUT_RETURN_TYPE = YES_ERROR;
				GCC_WARN_UNDECLARED_SELECTOR = YES;
				GCC_WARN_UNINITIALIZED_AUTOS = YES_AGGRESSIVE;
				GCC_WARN_UNUSED_FUNCTION = YES;
				GCC_WARN_UNUSED_VARIABLE = YES;
				IPHONEOS_DEPLOYMENT_TARGET = 17.0;
				MTL_ENABLE_DEBUG_INFO = INCLUDE_SOURCE;
				MTL_FAST_MATH = YES;
				ONLY_ACTIVE_ARCH = YES;
				SDKROOT = iphoneos;
				SWIFT_ACTIVE_COMPILATION_CONDITIONS = DEBUG;
				SWIFT_OPTIMIZATION_LEVEL = "-Onone";
			};
			name = Debug;
		};
		2A5F8ED22A798265008B51FD /* Release */ = {
			isa = XCBuildConfiguration;
			buildSettings = {
				ALWAYS_SEARCH_USER_PATHS = NO;
				CLANG_ANALYZER_NONNULL = YES;
				CLANG_ANALYZER_NUMBER_OBJECT_CONVERSION = YES_AGGRESSIVE;
				CLANG_CXX_LANGUAGE_STANDARD = "gnu++20";
				CLANG_ENABLE_MODULES = YES;
				CLANG_ENABLE_OBJC_ARC = YES;
				CLANG_ENABLE_OBJC_WEAK = YES;
				CLANG_WARN_BLOCK_CAPTURE_AUTORELEASING = YES;
				CLANG_WARN_BOOL_CONVERSION = YES;
				CLANG_WARN_COMMA = YES;
				CLANG_WARN_CONSTANT_CONVERSION = YES;
				CLANG_WARN_DEPRECATED_OBJC_IMPLEMENTATIONS = YES;
				CLANG_WARN_DIRECT_OBJC_ISA_USAGE = YES_ERROR;
				CLANG_WARN_DOCUMENTATION_COMMENTS = YES;
				CLANG_WARN_EMPTY_BODY = YES;
				CLANG_WARN_ENUM_CONVERSION = YES;
				CLANG_WARN_INFINITE_RECURSION = YES;
				CLANG_WARN_INT_CONVERSION = YES;
				CLANG_WARN_NON_LITERAL_NULL_CONVERSION = YES;
				CLANG_WARN_OBJC_IMPLICIT_RETAIN_SELF = YES;
				CLANG_WARN_OBJC_LITERAL_CONVERSION = YES;
				CLANG_WARN_OBJC_ROOT_CLASS = YES_ERROR;
				CLANG_WARN_QUOTED_INCLUDE_IN_FRAMEWORK_HEADER = YES;
				CLANG_WARN_RANGE_LOOP_ANALYSIS = YES;
				CLANG_WARN_STRICT_PROTOTYPES = YES;
				CLANG_WARN_SUSPICIOUS_MOVE = YES;
				CLANG_WARN_UNGUARDED_AVAILABILITY = YES_AGGRESSIVE;
				CLANG_WARN_UNREACHABLE_CODE = YES;
				CLANG_WARN__DUPLICATE_METHOD_MATCH = YES;
				COPY_PHASE_STRIP = NO;
				DEBUG_INFORMATION_FORMAT = "dwarf-with-dsym";
				ENABLE_NS_ASSERTIONS = NO;
				ENABLE_STRICT_OBJC_MSGSEND = YES;
				GCC_C_LANGUAGE_STANDARD = gnu11;
				GCC_NO_COMMON_BLOCKS = YES;
				GCC_WARN_64_TO_32_BIT_CONVERSION = YES;
				GCC_WARN_ABOUT_RETURN_TYPE = YES_ERROR;
				GCC_WARN_UNDECLARED_SELECTOR = YES;
				GCC_WARN_UNINITIALIZED_AUTOS = YES_AGGRESSIVE;
				GCC_WARN_UNUSED_FUNCTION = YES;
				GCC_WARN_UNUSED_VARIABLE = YES;
				IPHONEOS_DEPLOYMENT_TARGET = 17.0;
				MTL_ENABLE_DEBUG_INFO = NO;
				MTL_FAST_MATH = YES;
				SDKROOT = iphoneos;
				SWIFT_COMPILATION_MODE = wholemodule;
				SWIFT_OPTIMIZATION_LEVEL = "-O";
				VALIDATE_PRODUCT = YES;
			};
			name = Release;
		};
		2A5F8ED42A798265008B51FD /* Debug */ = {
			isa = XCBuildConfiguration;
			buildSettings = {
				ASSETCATALOG_COMPILER_APPICON_NAME = AppIcon;
				ASSETCATALOG_COMPILER_GLOBAL_ACCENT_COLOR_NAME = AccentColor;
				CODE_SIGN_STYLE = Automatic;
				CURRENT_PROJECT_VERSION = 1;
				DEVELOPMENT_ASSET_PATHS = "\"15puzzle/Preview Content\"";
				DEVELOPMENT_TEAM = BFX578S5ST;
				ENABLE_PREVIEWS = YES;
				GENERATE_INFOPLIST_FILE = YES;
				INFOPLIST_KEY_UIApplicationSceneManifest_Generation = YES;
				INFOPLIST_KEY_UIApplicationSupportsIndirectInputEvents = YES;
				INFOPLIST_KEY_UILaunchScreen_Generation = YES;
				INFOPLIST_KEY_UISupportedInterfaceOrientations_iPad = "UIInterfaceOrientationPortrait UIInterfaceOrientationPortraitUpsideDown UIInterfaceOrientationLandscapeLeft UIInterfaceOrientationLandscapeRight";
				INFOPLIST_KEY_UISupportedInterfaceOrientations_iPhone = "UIInterfaceOrientationPortrait UIInterfaceOrientationLandscapeLeft UIInterfaceOrientationLandscapeRight";
				IPHONEOS_DEPLOYMENT_TARGET = 17.0;
				LD_RUNPATH_SEARCH_PATHS = (
					"$(inherited)",
					"@executable_path/Frameworks",
				);
				MARKETING_VERSION = 1.0;
				PRODUCT_BUNDLE_IDENTIFIER = "kaiberg.-5puzzle";
				PRODUCT_NAME = "$(TARGET_NAME)";
				SUPPORTED_PLATFORMS = "iphoneos iphonesimulator xros xrsimulator";
				SUPPORTS_MACCATALYST = NO;
				SUPPORTS_MAC_DESIGNED_FOR_IPHONE_IPAD = NO;
				SUPPORTS_XR_DESIGNED_FOR_IPHONE_IPAD = NO;
				SWIFT_EMIT_LOC_STRINGS = YES;
				SWIFT_VERSION = 5.0;
				TARGETED_DEVICE_FAMILY = "1,7";
			};
			name = Debug;
		};
		2A5F8ED52A798265008B51FD /* Release */ = {
			isa = XCBuildConfiguration;
			buildSettings = {
				ASSETCATALOG_COMPILER_APPICON_NAME = AppIcon;
				ASSETCATALOG_COMPILER_GLOBAL_ACCENT_COLOR_NAME = AccentColor;
				CODE_SIGN_STYLE = Automatic;
				CURRENT_PROJECT_VERSION = 1;
				DEVELOPMENT_ASSET_PATHS = "\"15puzzle/Preview Content\"";
				DEVELOPMENT_TEAM = BFX578S5ST;
				ENABLE_PREVIEWS = YES;
				GENERATE_INFOPLIST_FILE = YES;
				INFOPLIST_KEY_UIApplicationSceneManifest_Generation = YES;
				INFOPLIST_KEY_UIApplicationSupportsIndirectInputEvents = YES;
				INFOPLIST_KEY_UILaunchScreen_Generation = YES;
				INFOPLIST_KEY_UISupportedInterfaceOrientations_iPad = "UIInterfaceOrientationPortrait UIInterfaceOrientationPortraitUpsideDown UIInterfaceOrientationLandscapeLeft UIInterfaceOrientationLandscapeRight";
				INFOPLIST_KEY_UISupportedInterfaceOrientations_iPhone = "UIInterfaceOrientationPortrait UIInterfaceOrientationLandscapeLeft UIInterfaceOrientationLandscapeRight";
				IPHONEOS_DEPLOYMENT_TARGET = 17.0;
				LD_RUNPATH_SEARCH_PATHS = (
					"$(inherited)",
					"@executable_path/Frameworks",
				);
				MARKETING_VERSION = 1.0;
				PRODUCT_BUNDLE_IDENTIFIER = "kaiberg.-5puzzle";
				PRODUCT_NAME = "$(TARGET_NAME)";
				SUPPORTED_PLATFORMS = "iphoneos iphonesimulator xros xrsimulator";
				SUPPORTS_MACCATALYST = NO;
				SUPPORTS_MAC_DESIGNED_FOR_IPHONE_IPAD = NO;
				SUPPORTS_XR_DESIGNED_FOR_IPHONE_IPAD = NO;
				SWIFT_EMIT_LOC_STRINGS = YES;
				SWIFT_VERSION = 5.0;
				TARGETED_DEVICE_FAMILY = "1,7";
			};
			name = Release;
		};
		2A5F8ED72A798265008B51FD /* Debug */ = {
			isa = XCBuildConfiguration;
			buildSettings = {
				ALWAYS_EMBED_SWIFT_STANDARD_LIBRARIES = YES;
				BUNDLE_LOADER = "$(TEST_HOST)";
				CODE_SIGN_STYLE = Automatic;
				CURRENT_PROJECT_VERSION = 1;
				GENERATE_INFOPLIST_FILE = YES;
				IPHONEOS_DEPLOYMENT_TARGET = 16.4;
				MARKETING_VERSION = 1.0;
				PRODUCT_BUNDLE_IDENTIFIER = "kaiberg.-5puzzleTests";
				PRODUCT_NAME = "$(TARGET_NAME)";
				SWIFT_EMIT_LOC_STRINGS = NO;
				SWIFT_VERSION = 5.0;
				TARGETED_DEVICE_FAMILY = "1,2";
				TEST_HOST = "$(BUILT_PRODUCTS_DIR)/15puzzle.app/$(BUNDLE_EXECUTABLE_FOLDER_PATH)/15puzzle";
			};
			name = Debug;
		};
		2A5F8ED82A798265008B51FD /* Release */ = {
			isa = XCBuildConfiguration;
			buildSettings = {
				ALWAYS_EMBED_SWIFT_STANDARD_LIBRARIES = YES;
				BUNDLE_LOADER = "$(TEST_HOST)";
				CODE_SIGN_STYLE = Automatic;
				CURRENT_PROJECT_VERSION = 1;
				GENERATE_INFOPLIST_FILE = YES;
				IPHONEOS_DEPLOYMENT_TARGET = 16.4;
				MARKETING_VERSION = 1.0;
				PRODUCT_BUNDLE_IDENTIFIER = "kaiberg.-5puzzleTests";
				PRODUCT_NAME = "$(TARGET_NAME)";
				SWIFT_EMIT_LOC_STRINGS = NO;
				SWIFT_VERSION = 5.0;
				TARGETED_DEVICE_FAMILY = "1,2";
				TEST_HOST = "$(BUILT_PRODUCTS_DIR)/15puzzle.app/$(BUNDLE_EXECUTABLE_FOLDER_PATH)/15puzzle";
			};
			name = Release;
		};
		2A5F8EDA2A798265008B51FD /* Debug */ = {
			isa = XCBuildConfiguration;
			buildSettings = {
				ALWAYS_EMBED_SWIFT_STANDARD_LIBRARIES = YES;
				CODE_SIGN_STYLE = Automatic;
				CURRENT_PROJECT_VERSION = 1;
				GENERATE_INFOPLIST_FILE = YES;
				MARKETING_VERSION = 1.0;
				PRODUCT_BUNDLE_IDENTIFIER = "kaiberg.-5puzzleUITests";
				PRODUCT_NAME = "$(TARGET_NAME)";
				SWIFT_EMIT_LOC_STRINGS = NO;
				SWIFT_VERSION = 5.0;
				TARGETED_DEVICE_FAMILY = "1,2";
				TEST_TARGET_NAME = 15puzzle;
			};
			name = Debug;
		};
		2A5F8EDB2A798265008B51FD /* Release */ = {
			isa = XCBuildConfiguration;
			buildSettings = {
				ALWAYS_EMBED_SWIFT_STANDARD_LIBRARIES = YES;
				CODE_SIGN_STYLE = Automatic;
				CURRENT_PROJECT_VERSION = 1;
				GENERATE_INFOPLIST_FILE = YES;
				MARKETING_VERSION = 1.0;
				PRODUCT_BUNDLE_IDENTIFIER = "kaiberg.-5puzzleUITests";
				PRODUCT_NAME = "$(TARGET_NAME)";
				SWIFT_EMIT_LOC_STRINGS = NO;
				SWIFT_VERSION = 5.0;
				TARGETED_DEVICE_FAMILY = "1,2";
				TEST_TARGET_NAME = 15puzzle;
			};
			name = Release;
		};
/* End XCBuildConfiguration section */

/* Begin XCConfigurationList section */
		2A5F8EAA2A798264008B51FD /* Build configuration list for PBXProject "15puzzle" */ = {
			isa = XCConfigurationList;
			buildConfigurations = (
				2A5F8ED12A798265008B51FD /* Debug */,
				2A5F8ED22A798265008B51FD /* Release */,
			);
			defaultConfigurationIsVisible = 0;
			defaultConfigurationName = Release;
		};
		2A5F8ED32A798265008B51FD /* Build configuration list for PBXNativeTarget "15puzzle" */ = {
			isa = XCConfigurationList;
			buildConfigurations = (
				2A5F8ED42A798265008B51FD /* Debug */,
				2A5F8ED52A798265008B51FD /* Release */,
			);
			defaultConfigurationIsVisible = 0;
			defaultConfigurationName = Release;
		};
		2A5F8ED62A798265008B51FD /* Build configuration list for PBXNativeTarget "15puzzleTests" */ = {
			isa = XCConfigurationList;
			buildConfigurations = (
				2A5F8ED72A798265008B51FD /* Debug */,
				2A5F8ED82A798265008B51FD /* Release */,
			);
			defaultConfigurationIsVisible = 0;
			defaultConfigurationName = Release;
		};
		2A5F8ED92A798265008B51FD /* Build configuration list for PBXNativeTarget "15puzzleUITests" */ = {
			isa = XCConfigurationList;
			buildConfigurations = (
				2A5F8EDA2A798265008B51FD /* Debug */,
				2A5F8EDB2A798265008B51FD /* Release */,
			);
			defaultConfigurationIsVisible = 0;
			defaultConfigurationName = Release;
		};
/* End XCConfigurationList section */
	};
	rootObject = 2A5F8EA72A798264008B51FD /* Project object */;
}
